
Microsoft Visual Studio Solution File, Format Version 12.00
# Visual Studio Version 16
VisualStudioVersion = 16.0.31005.135
MinimumVisualStudioVersion = 10.0.40219.1
Project("{FAE04EC0-301F-11D3-BF4B-00C04F79EFBC}") = "RestaurantCMS", "RestaurantCMS.csproj", "{C001802D-7676-44C7-816F-8A8E5482D86D}"
EndProject
Global
	GlobalSection(SolutionConfigurationPlatforms) = preSolution
		Debug|Any CPU = Debug|Any CPU
		Release|Any CPU = Release|Any CPU
	EndGlobalSection
	GlobalSection(ProjectConfigurationPlatforms) = postSolution
		{C001802D-7676-44C7-816F-8A8E5482D86D}.Debug|Any CPU.ActiveCfg = Debug|Any CPU
		{C001802D-7676-44C7-816F-8A8E5482D86D}.Debug|Any CPU.Build.0 = Debug|Any CPU
		{C001802D-7676-44C7-816F-8A8E5482D86D}.Release|Any CPU.ActiveCfg = Release|Any CPU
		{C001802D-7676-44C7-816F-8A8E5482D86D}.Release|Any CPU.Build.0 = Release|Any CPU
	EndGlobalSection
	GlobalSection(SolutionProperties) = preSolution
		HideSolutionNode = FALSE
	EndGlobalSection
	GlobalSection(ExtensibilityGlobals) = postSolution
		SolutionGuid = {BDF203B2-754A-462E-8AEB-C4B89793E7C0}
	EndGlobalSection
EndGlobal
